{"projectHash":"f5487b3a95c00bc9aa2ca2663d1e555b600a385b","productModuleName":"LoginMvpTests","mockedTypeNames":["\/Users\/Olarn\/DevSpace\/LoginMvp\/LoginMvpTests\/LoginViewPresenterTests.swift",["RestClientProtocol"],"\/Users\/Olarn\/DevSpace\/LoginMvp\/LoginMvpTests\/XCTestCase+Extension.swift",[]],"cliVersion":"0.16.0","configHash":"bec5894828dc230fbb3e372782f958b1e362ce86","sourceRoot":"\/Users\/Olarn\/DevSpace\/LoginMvp","sourceFilePaths":[{"path":"\/Users\/Olarn\/DevSpace\/LoginMvp\/LoginMvpTests\/LoginViewPresenterTests.swift","hash":"7193ded7b6017f7ab4fa254e79da2548628173bf"},{"path":"\/Users\/Olarn\/DevSpace\/LoginMvp\/LoginMvpTests\/XCTestCase+Extension.swift","hash":"b96dda2839467a4eb5c1adbb163d21a9afb45213"},{"path":"\/Users\/Olarn\/DevSpace\/LoginMvp\/MockingbirdMocks\/LoginMvpTests-LoginMvpMocks.generated.swift","hash":"3222054d87e88206fe2da0df778e2fb0a8ee7eb0"}],"dependencies":[],"name":"LoginMvpTests"}