{"cliVersion":"0.16.0","productModuleName":"LoginMvp","sourceFilePaths":[{"path":"\/Users\/Olarn\/DevSpace\/LoginMvp\/LoginMvp\/Features\/Login\/LoginApi.swift","hash":"0cd03e15cedbb5e589bbb45e95f26c6f7b6178e2"},{"path":"\/Users\/Olarn\/DevSpace\/LoginMvp\/LoginMvp\/Features\/Login\/LoginViewController.swift","hash":"11f8d92415704adf90c3f8a39082ba1f7487225c"},{"path":"\/Users\/Olarn\/DevSpace\/LoginMvp\/LoginMvp\/Features\/Login\/LoginViewPresenter.swift","hash":"9264b9b9ae72fbfb5ee3c49e4c347663eb0f8a73"},{"path":"\/Users\/Olarn\/DevSpace\/LoginMvp\/LoginMvp\/Main\/AppDelegate.swift","hash":"4790915b49bfb7f79bca8b6bfaa9fe9d38e24356"},{"path":"\/Users\/Olarn\/DevSpace\/LoginMvp\/LoginMvp\/Main\/SceneDelegate.swift","hash":"1508f911907c3c4b1f70a73c2371950ee920af8a"},{"path":"\/Users\/Olarn\/DevSpace\/LoginMvp\/RestClient\/RestClient.swift","hash":"1a0e6bf5c4898fa9c2de4722a669a7b33fd49c1f"}],"configHash":"bec5894828dc230fbb3e372782f958b1e362ce86","dependencyPathsHash":"af4e55e5627517f02067f3f09b211b92cea98ba0","targetPathsHash":"ab41f57acd8fcd94ebee82320acad7cace8d13ff","mockedTypesHash":"3bab9e8310e372bcefc292873107cb7c058691d3","outputHash":"3222054d87e88206fe2da0df778e2fb0a8ee7eb0","dependencies":[],"sourceRoot":"\/Users\/Olarn\/DevSpace\/LoginMvp","supportingFilePaths":[{"path":"\/Users\/Olarn\/DevSpace\/LoginMvp\/MockingbirdSupport\/AppKit\/NSResponder.swift","hash":"21296949c6d570892c8665a450e62c234c938790"},{"path":"\/Users\/Olarn\/DevSpace\/LoginMvp\/MockingbirdSupport\/AppKit\/NSView.swift","hash":"85b3183be144012a7e105e292426c3d9f8966072"},{"path":"\/Users\/Olarn\/DevSpace\/LoginMvp\/MockingbirdSupport\/AppKit\/NSViewController.swift","hash":"d8785e8a119f2723c8840534df0ad8ac61409797"},{"path":"\/Users\/Olarn\/DevSpace\/LoginMvp\/MockingbirdSupport\/Foundation\/ObjectiveC\/NSObject.swift","hash":"cf466772b8c2d80d31f34b93b501b398fbb8854d"},{"path":"\/Users\/Olarn\/DevSpace\/LoginMvp\/MockingbirdSupport\/Foundation\/ObjectiveC\/NSObject.swift","hash":"cf466772b8c2d80d31f34b93b501b398fbb8854d"},{"path":"\/Users\/Olarn\/DevSpace\/LoginMvp\/MockingbirdSupport\/Swift\/Codable.swift","hash":"57675d8b36a2db7b093b3542bd3225a88992c3bc"},{"path":"\/Users\/Olarn\/DevSpace\/LoginMvp\/MockingbirdSupport\/Swift\/Comparable.swift","hash":"d0d110744eeaf2f8fdd2f8a41df3452f35286bb7"},{"path":"\/Users\/Olarn\/DevSpace\/LoginMvp\/MockingbirdSupport\/Swift\/Equatable.swift","hash":"2e7674f4e23a5ab7aef45b91b63c0ed5934c3b83"},{"path":"\/Users\/Olarn\/DevSpace\/LoginMvp\/MockingbirdSupport\/Swift\/Hashable.swift","hash":"f59ec249aa03e312f2bda7c3b397c0dccd880a21"},{"path":"\/Users\/Olarn\/DevSpace\/LoginMvp\/MockingbirdSupport\/Swift\/Misc.swift","hash":"c139249ec5799f1ec64c3d9e7d8c1f286b894035"},{"path":"\/Users\/Olarn\/DevSpace\/LoginMvp\/MockingbirdSupport\/UIKit\/UIControl.swift","hash":"9363a4c38002598dbbc1198f16fe7198b8151d24"},{"path":"\/Users\/Olarn\/DevSpace\/LoginMvp\/MockingbirdSupport\/UIKit\/UILabel.swift","hash":"e26a734695bfe008598ed0d8c936683db78f40ac"},{"path":"\/Users\/Olarn\/DevSpace\/LoginMvp\/MockingbirdSupport\/UIKit\/UIView.swift","hash":"10e6b03a9c5a76f720c17fcb82af82ff66994926"},{"path":"\/Users\/Olarn\/DevSpace\/LoginMvp\/MockingbirdSupport\/UIKit\/UIViewController.swift","hash":"bbd8980a22029f339b0e8746124fd06d94730570"}],"name":"LoginMvp","projectHash":"f5487b3a95c00bc9aa2ca2663d1e555b600a385b"}